
Microsoft Visual Studio Solution File, Format Version 12.00
# Visual Studio 15
VisualStudioVersion = 15.0.27130.2026
MinimumVisualStudioVersion = 10.0.40219.1
Project("{FAE04EC0-301F-11D3-BF4B-00C04F79EFBC}") = "AutomatedTellerMachine", "AutomatedTellerMachine\AutomatedTellerMachine.csproj", "{8EB9DF83-D61F-4286-96F3-86561A371FD3}"
EndProject
Project("{FAE04EC0-301F-11D3-BF4B-00C04F79EFBC}") = "AutomatedTellerMachine.Tests", "AutomatedTellerMachine.Tests\AutomatedTellerMachine.Tests.csproj", "{5D35884C-135A-4D7C-B544-D4E9C35A01BD}"
EndProject
Global
	GlobalSection(SolutionConfigurationPlatforms) = preSolution
		Debug|Any CPU = Debug|Any CPU
		Release|Any CPU = Release|Any CPU
	EndGlobalSection
	GlobalSection(ProjectConfigurationPlatforms) = postSolution
		{8EB9DF83-D61F-4286-96F3-86561A371FD3}.Debug|Any CPU.ActiveCfg = Debug|Any CPU
		{8EB9DF83-D61F-4286-96F3-86561A371FD3}.Debug|Any CPU.Build.0 = Debug|Any CPU
		{8EB9DF83-D61F-4286-96F3-86561A371FD3}.Release|Any CPU.ActiveCfg = Release|Any CPU
		{8EB9DF83-D61F-4286-96F3-86561A371FD3}.Release|Any CPU.Build.0 = Release|Any CPU
		{5D35884C-135A-4D7C-B544-D4E9C35A01BD}.Debug|Any CPU.ActiveCfg = Debug|Any CPU
		{5D35884C-135A-4D7C-B544-D4E9C35A01BD}.Debug|Any CPU.Build.0 = Debug|Any CPU
		{5D35884C-135A-4D7C-B544-D4E9C35A01BD}.Release|Any CPU.ActiveCfg = Release|Any CPU
		{5D35884C-135A-4D7C-B544-D4E9C35A01BD}.Release|Any CPU.Build.0 = Release|Any CPU
	EndGlobalSection
	GlobalSection(SolutionProperties) = preSolution
		HideSolutionNode = FALSE
	EndGlobalSection
	GlobalSection(ExtensibilityGlobals) = postSolution
		SolutionGuid = {71F0B00A-BF81-45A7-B5DE-31F3F37A03E7}
	EndGlobalSection
EndGlobal
